
Microsoft Visual Studio Solution File, Format Version 12.00
# Visual Studio 15
VisualStudioVersion = 15.0.28307.1525
MinimumVisualStudioVersion = 10.0.40219.1
Project("{FAE04EC0-301F-11D3-BF4B-00C04F79EFBC}") = "BigSchool", "BigSchool\BigSchool.csproj", "{46DF4CD7-25F5-4167-9FF9-ABD3A4349061}"
EndProject
Global
	GlobalSection(SolutionConfigurationPlatforms) = preSolution
		Debug|Any CPU = Debug|Any CPU
		Release|Any CPU = Release|Any CPU
	EndGlobalSection
	GlobalSection(ProjectConfigurationPlatforms) = postSolution
		{46DF4CD7-25F5-4167-9FF9-ABD3A4349061}.Debug|Any CPU.ActiveCfg = Debug|Any CPU
		{46DF4CD7-25F5-4167-9FF9-ABD3A4349061}.Debug|Any CPU.Build.0 = Debug|Any CPU
		{46DF4CD7-25F5-4167-9FF9-ABD3A4349061}.Release|Any CPU.ActiveCfg = Release|Any CPU
		{46DF4CD7-25F5-4167-9FF9-ABD3A4349061}.Release|Any CPU.Build.0 = Release|Any CPU
	EndGlobalSection
	GlobalSection(SolutionProperties) = preSolution
		HideSolutionNode = FALSE
	EndGlobalSection
	GlobalSection(ExtensibilityGlobals) = postSolution
		SolutionGuid = {34DB8B93-26F5-4215-A01B-BF9AACB97E77}
	EndGlobalSection
EndGlobal
